<?xml version="1.0" encoding="utf-8"?>
<Project ToolsVersion="4.0" xmlns="http://schemas.microsoft.com/developer/msbuild/2003">
  <ItemGroup>
    <ClInclude Include="..\dbj_commander.h" />
    <ClInclude Include="..\dbj++.h" />
    <ClInclude Include="..\dbj++tests.h" />
    <ClInclude Include="..\test\dbj_ap_env_test.h">
      <Filter>test</Filter>
    </ClInclude>
    <ClInclude Include="..\test\dbj_commander_test.h">
      <Filter>test</Filter>
    </ClInclude>
    <ClInclude Include="..\test\dbj_console_test.h">
      <Filter>test</Filter>
    </ClInclude>
    <ClInclude Include="..\test\dbj_crt_testing.h">
      <Filter>test</Filter>
    </ClInclude>
    <ClInclude Include="..\test\dbj_defval_testing.h">
      <Filter>test</Filter>
    </ClInclude>
    <ClInclude Include="..\test\dbj_kv_store_test.h">
      <Filter>test</Filter>
    </ClInclude>
    <ClInclude Include="..\test\dbj_string_tests.h">
      <Filter>test</Filter>
    </ClInclude>
    <ClInclude Include="..\test\dbj_traits_testing.h">
      <Filter>test</Filter>
    </ClInclude>
    <ClInclude Include="..\test\dbj_util_test.h">
      <Filter>test</Filter>
    </ClInclude>
    <ClInclude Include="..\test\dbj_win32_tests.h">
      <Filter>test</Filter>
    </ClInclude>
    <ClInclude Include="..\test\dbj_kalends_test.h">
      <Filter>test</Filter>
    </ClInclude>
    <ClInclude Include="..\test\dbj_string_util_test.h">
      <Filter>test</Filter>
    </ClInclude>
    <ClInclude Include="..\test\dbj_array_testing.h">
      <Filter>test</Filter>
    </ClInclude>
    <ClInclude Include="..\dbj_error_concept.h" />
    <ClInclude Include="..\microlog\dbj_micro_log.h">
      <Filter>micro_log</Filter>
    </ClInclude>
    <ClInclude Include="..\microlog\dbj_micro_log_fwd.h">
      <Filter>micro_log</Filter>
    </ClInclude>
    <ClInclude Include="..\microlog\dbj_micro_log_ops.h">
      <Filter>micro_log</Filter>
    </ClInclude>
    <ClInclude Include="..\dbj_gpl_license.h" />
    <ClInclude Include="..\testfwork\dbj_testing.h">
      <Filter>testfwork</Filter>
    </ClInclude>
    <ClInclude Include="..\testfwork\dbj_testing_interface.h">
      <Filter>testfwork</Filter>
    </ClInclude>
    <ClInclude Include="dbj_stack_matrix.h" />
    <ClInclude Include="..\test\dbj_static_matrix_test.h">
      <Filter>test</Filter>
    </ClInclude>
    <ClInclude Include="..\console\dbj_console.h">
      <Filter>console</Filter>
    </ClInclude>
    <ClInclude Include="..\console\dbj_console_fwd.h">
      <Filter>console</Filter>
    </ClInclude>
    <ClInclude Include="..\console\dbj_console_ops.h">
      <Filter>console</Filter>
    </ClInclude>
    <ClInclude Include="..\console\dbj_console_painter.h">
      <Filter>console</Filter>
    </ClInclude>
    <ClInclude Include="dbj_win_inc.h" />
    <ClInclude Include="..\numeric\dbj_numeric.h">
      <Filter>numeric</Filter>
    </ClInclude>
    <ClInclude Include="..\test\dbj_buffer_testing.h">
      <Filter>test</Filter>
    </ClInclude>
    <ClInclude Include="..\core\dbj_buffer.h">
      <Filter>core</Filter>
    </ClInclude>
    <ClInclude Include="..\core\dbj_constexpr.h">
      <Filter>core</Filter>
    </ClInclude>
    <ClInclude Include="..\core\dbj_crt.h">
      <Filter>core</Filter>
    </ClInclude>
    <ClInclude Include="..\core\dbj_format.h">
      <Filter>core</Filter>
    </ClInclude>
    <ClInclude Include="..\core\dbj_main.h">
      <Filter>core</Filter>
    </ClInclude>
    <ClInclude Include="..\core\dbj_synchro.h">
      <Filter>core</Filter>
    </ClInclude>
    <ClInclude Include="..\core\dbj_traits.h">
      <Filter>core</Filter>
    </ClInclude>
    <ClInclude Include="..\core\dbj++core.h">
      <Filter>core</Filter>
    </ClInclude>
    <ClInclude Include="..\util\dbj_arh.h">
      <Filter>util</Filter>
    </ClInclude>
    <ClInclude Include="..\util\dbj_defval.h">
      <Filter>util</Filter>
    </ClInclude>
    <ClInclude Include="..\util\dbj_kalends.h">
      <Filter>util</Filter>
    </ClInclude>
    <ClInclude Include="..\util\dbj_key_value_store.h">
      <Filter>util</Filter>
    </ClInclude>
    <ClInclude Include="..\util\dbj_narf.h">
      <Filter>util</Filter>
    </ClInclude>
    <ClInclude Include="..\util\dbj_stack_matrix.h">
      <Filter>util</Filter>
    </ClInclude>
    <ClInclude Include="..\util\dbj_startend.h">
      <Filter>util</Filter>
    </ClInclude>
    <ClInclude Include="..\util\dbj_string_compare.h">
      <Filter>util</Filter>
    </ClInclude>
    <ClInclude Include="..\util\dbj_string_util.h">
      <Filter>util</Filter>
    </ClInclude>
    <ClInclude Include="..\util\dbj_tokenizer.h">
      <Filter>util</Filter>
    </ClInclude>
    <ClInclude Include="..\util\dbj_util.h">
      <Filter>util</Filter>
    </ClInclude>
    <ClInclude Include="..\util\dbj++util.h">
      <Filter>util</Filter>
    </ClInclude>
    <ClInclude Include="..\win32\dbj_app_env.h">
      <Filter>win32</Filter>
    </ClInclude>
    <ClInclude Include="..\win32\dbj_com.h">
      <Filter>win32</Filter>
    </ClInclude>
    <ClInclude Include="..\win32\dbj_win_inc.h">
      <Filter>win32</Filter>
    </ClInclude>
    <ClInclude Include="..\win32\dbj_win32.h">
      <Filter>win32</Filter>
    </ClInclude>
    <ClInclude Include="dbj++win.h">
      <Filter>win32</Filter>
    </ClInclude>
    <ClInclude Include="..\test\dbj_core_tests.h">
      <Filter>test</Filter>
    </ClInclude>
    <ClInclude Include="..\core\dbj_core_utils.h">
      <Filter>core</Filter>
    </ClInclude>
    <ClInclude Include="..\core\dbj_insider.h">
      <Filter>core</Filter>
    </ClInclude>
    <ClInclude Include="..\win\dbj_uuid.h">
      <Filter>win32</Filter>
    </ClInclude>
    <ClInclude Include="..\util\dbj_optional_any.h">
      <Filter>util</Filter>
    </ClInclude>
  </ItemGroup>
  <ItemGroup>
    <Filter Include="test">
      <UniqueIdentifier>{5cf073c1-eefc-4dd4-8747-f07195152b21}</UniqueIdentifier>
    </Filter>
    <Filter Include="media">
      <UniqueIdentifier>{1e0b5f3e-edd4-4b7e-a459-1a6df305242b}</UniqueIdentifier>
    </Filter>
    <Filter Include="micro_log">
      <UniqueIdentifier>{650a555b-c5bb-42f2-a8e9-25589045361a}</UniqueIdentifier>
    </Filter>
    <Filter Include="testfwork">
      <UniqueIdentifier>{6639c60d-3671-48bf-8ef5-1f86ac903b04}</UniqueIdentifier>
    </Filter>
    <Filter Include="console">
      <UniqueIdentifier>{55f3830b-01fd-48f7-82e2-e0e2c03c267d}</UniqueIdentifier>
    </Filter>
    <Filter Include="numeric">
      <UniqueIdentifier>{592343d5-b86d-40d7-9f65-e6977a78de19}</UniqueIdentifier>
    </Filter>
    <Filter Include="core">
      <UniqueIdentifier>{ad8d6681-78b3-4320-8bcb-25d614229810}</UniqueIdentifier>
    </Filter>
    <Filter Include="win32">
      <UniqueIdentifier>{b8205c38-55c3-495a-a00c-3fbdfb9a9d5a}</UniqueIdentifier>
    </Filter>
    <Filter Include="util">
      <UniqueIdentifier>{b7bfe2f2-ea39-4ccf-9146-ade360b4165a}</UniqueIdentifier>
    </Filter>
  </ItemGroup>
  <ItemGroup>
    <None Include="..\.gitattributes" />
    <None Include="..\.gitignore" />
    <None Include="..\cpp.hint" />
    <None Include="..\README.md" />
    <None Include="..\LICENSE" />
    <None Include="..\microlog\readme.md">
      <Filter>micro_log</Filter>
    </None>
  </ItemGroup>
</Project>